
Microsoft Visual Studio Solution File, Format Version 12.00
Project("{FAE04EC0-301F-11D3-BF4B-00C04F79EFBC}") = "SkyKick2.0", "SkyKick2.0\SkyKick2.0.csproj", "{2A106ED7-D765-4C32-A46B-5CBBA93F0585}"
EndProject
Global
	GlobalSection(SolutionConfigurationPlatforms) = preSolution
		Debug|Any CPU = Debug|Any CPU
		Release|Any CPU = Release|Any CPU
	EndGlobalSection
	GlobalSection(ProjectConfigurationPlatforms) = postSolution
		{2A106ED7-D765-4C32-A46B-5CBBA93F0585}.Debug|Any CPU.ActiveCfg = Debug|Any CPU
		{2A106ED7-D765-4C32-A46B-5CBBA93F0585}.Debug|Any CPU.Build.0 = Debug|Any CPU
		{2A106ED7-D765-4C32-A46B-5CBBA93F0585}.Release|Any CPU.ActiveCfg = Release|Any CPU
		{2A106ED7-D765-4C32-A46B-5CBBA93F0585}.Release|Any CPU.Build.0 = Release|Any CPU
	EndGlobalSection
EndGlobal
